{
  "version": 4,
  "terraform_version": "0.12.24",
  "serial": 451,
  "lineage": "54720b4f-453d-55b4-5cd2-a20327213ce1",
  "outputs": {
    "sql_connection_name": {
      "value": "steam-outlet-271504:us-central1:kf75-metadata",
      "type": "string"
    },
    "sql_name": {
      "value": "kf75-metadata",
      "type": "string"
    }
  },
  "resources": [
    {
      "module": "module.kfp_gke_vpc",
      "mode": "managed",
      "type": "google_compute_network",
      "name": "network",
      "provider": "provider.google",
      "instances": [
        {
          "schema_version": 0,
          "attributes": {
            "auto_create_subnetworks": false,
            "delete_default_routes_on_create": false,
            "description": "",
            "gateway_ipv4": "",
            "id": "kf75-network",
            "ipv4_range": "",
            "name": "kf75-network",
            "project": "steam-outlet-271504",
            "routing_mode": "REGIONAL",
            "self_link": "https://www.googleapis.com/compute/v1/projects/steam-outlet-271504/global/networks/kf75-network",
            "timeouts": null
          },
          "private": "eyJlMmJmYjczMC1lY2FhLTExZTYtOGY4OC0zNDM2M2JjN2M0YzAiOnsiY3JlYXRlIjoyNDAwMDAwMDAwMDAsImRlbGV0ZSI6MjQwMDAwMDAwMDAwLCJ1cGRhdGUiOjI0MDAwMDAwMDAwMH19"
        }
      ]
    },
    {
      "module": "module.kfp_gke_vpc",
      "mode": "managed",
      "type": "google_compute_subnetwork",
      "name": "subnetwork",
      "provider": "provider.google",
      "instances": [
        {
          "schema_version": 0,
          "attributes": {
            "creation_timestamp": "2020-06-06T21:15:57.891-07:00",
            "description": "",
            "enable_flow_logs": false,
            "fingerprint": "VUnlW0nwgFw=",
            "gateway_address": "10.128.0.1",
            "id": "us-central1/kf75-subnet",
            "ip_cidr_range": "10.128.0.0/14",
            "log_config": [],
            "name": "kf75-subnet",
            "network": "https://www.googleapis.com/compute/v1/projects/steam-outlet-271504/global/networks/kf75-network",
            "private_ip_google_access": true,
            "project": "steam-outlet-271504",
            "region": "us-central1",
            "secondary_ip_range": [
              {
                "ip_cidr_range": "10.230.0.0/16",
                "range_name": "gke-kf75-cluster-services-3e08e098"
              },
              {
                "ip_cidr_range": "10.229.0.0/16",
                "range_name": "gke-kf75-cluster-pods-3e08e098"
              }
            ],
            "self_link": "https://www.googleapis.com/compute/v1/projects/steam-outlet-271504/regions/us-central1/subnetworks/kf75-subnet",
            "timeouts": null
          },
          "private": "eyJlMmJmYjczMC1lY2FhLTExZTYtOGY4OC0zNDM2M2JjN2M0YzAiOnsiY3JlYXRlIjozNjAwMDAwMDAwMDAsImRlbGV0ZSI6MzYwMDAwMDAwMDAwLCJ1cGRhdGUiOjM2MDAwMDAwMDAwMH19",
          "dependencies": [
            "module.kfp_gke_vpc.google_compute_network.network"
          ]
        }
      ]
    },
    {
      "module": "module.kfp_gke_cluster",
      "mode": "managed",
      "type": "google_container_cluster",
      "name": "gke_cluster",
      "provider": "provider.google",
      "instances": [
        {
          "schema_version": 1,
          "attributes": {
            "additional_zones": [],
            "addons_config": [
              {
                "horizontal_pod_autoscaling": [],
                "http_load_balancing": [],
                "kubernetes_dashboard": [
                  {
                    "disabled": true
                  }
                ],
                "network_policy_config": [
                  {
                    "disabled": true
                  }
                ]
              }
            ],
            "cluster_autoscaling": [],
            "cluster_ipv4_cidr": "10.229.0.0/16",
            "default_max_pods_per_node": 110,
            "description": "KFP GKE cluster",
            "enable_binary_authorization": null,
            "enable_intranode_visibility": null,
            "enable_kubernetes_alpha": false,
            "enable_legacy_abac": false,
            "enable_tpu": null,
            "endpoint": "35.202.215.40",
            "id": "kf75-cluster",
            "initial_node_count": 3,
            "instance_group_urls": [
              "https://www.googleapis.com/compute/v1/projects/steam-outlet-271504/zones/us-central1-a/instanceGroups/gke-kf75-cluster-default-pool-6d7caab5-grp"
            ],
            "ip_allocation_policy": [
              {
                "cluster_ipv4_cidr_block": "10.229.0.0/16",
                "cluster_secondary_range_name": "gke-kf75-cluster-pods-3e08e098",
                "create_subnetwork": false,
                "node_ipv4_cidr_block": "10.128.0.0/14",
                "services_ipv4_cidr_block": "10.230.0.0/16",
                "services_secondary_range_name": "gke-kf75-cluster-services-3e08e098",
                "subnetwork_name": "",
                "use_ip_aliases": true
              }
            ],
            "location": "us-central1-a",
            "logging_service": "logging.googleapis.com/kubernetes",
            "maintenance_policy": [],
            "master_auth": [
              {
                "client_certificate": "",
                "client_certificate_config": [
                  {
                    "issue_client_certificate": false
                  }
                ],
                "client_key": "",
                "cluster_ca_certificate": "LS0tLS1CRUdJTiBDRVJUSUZJQ0FURS0tLS0tCk1JSURERENDQWZTZ0F3SUJBZ0lSQUpqS05QTVZFNUJxcW12N2hFRzFZNUl3RFFZSktvWklodmNOQVFFTEJRQXcKTHpFdE1Dc0dBMVVFQXhNa01XTTFNV1U1TldNdE1EVmxOUzAwWWpGa0xXRmpObVV0TW1WaE5EWTVZVFppWldZdwpNQjRYRFRJd01EWXdOekF6TVRZeE5sb1hEVEkxTURZd05qQTBNVFl4Tmxvd0x6RXRNQ3NHQTFVRUF4TWtNV00xCk1XVTVOV010TURWbE5TMDBZakZrTFdGak5tVXRNbVZoTkRZNVlUWmlaV1l3TUlJQklqQU5CZ2txaGtpRzl3MEIKQVFFRkFBT0NBUThBTUlJQkNnS0NBUUVBdTloazlEMWEwNGNQanU1UmxpaEtwZ0ZXZTU1TmlxSG1tME1JUTRTWgpoTG9DaHJDTGs1dG5QaE4vL3hJVk9uTVpEY0V5MFF3QUdxY2pHaFNwZGNFc1g2eHZYU1o0Tjh2WUhPNXZlSGhtCnRWOWpUQzViNEVXOHRHQldvaUJSUlJzcVlpbUxabmFQZW5xdVg0Z052SVBrczVGNFkyRE5WcnpMNENBci9ja3kKbEdkV1hoQ3VQTGMyaG54T1pZRUVrSXlSTEJ1cDlMMllnUkIzanU3M2VQSWFUU25WV3pjdmJsQVhtY3hXM0tRNApSZ2h6aFpyZW5CODVhbXhXdWo3QkIwZDNiOWpyci9ucnN2bUNXcVJJVUxaY2h6clVDTlg3YlkzMFh2eUovVE84Ck9FMmtyUUYranlZTldwOFVqM21PVzJJUmw2Z0t4aUs3LzVUR0U3Zm80QW1DZFFJREFRQUJveU13SVRBT0JnTlYKSFE4QkFmOEVCQU1DQWdRd0R3WURWUjBUQVFIL0JBVXdBd0VCL3pBTkJna3Foa2lHOXcwQkFRc0ZBQU9DQVFFQQpjb2YrNXdLYWpubWJIaktEdjlWM1RJNk1kMHZ1NTNheW1zTkxXekNNNDd3d2MwTUxESWFvU29PQVJhS3ZoUnhlCklkQkNUUXRkSnJSUlk4U1dRVG14QmFtK1I5S1dKdFNDeld6RmxmOUVXR0NxZmI5cmhZSFRGOTZZUlB0S2QyZmcKcmlDUUhCc1Qxay9GekNvQnA3TUNyaTN2OU8xdTROSGQ3T3FCSUJqNE1aZE1rZ2x0dlk5UzZlWlZublBtSGZYdgpxUEx4N3FTYXpKZTN2MGxZc2lWZHlNNzMxdkhLRVNGL1hWN0hYMzBRYXZqS0xDVlN2TEg0RFNhQzRveFBTWUZjCkpUS2xtdUg4N3IrVXN3WUdzSFZudUIwM3gxUW9qcGpxSWtIaTcyY0puajQ1SE5mZFUraWFyT3lvNngveU54T08KdE42R3N3eUdCdm5iOFpZcmpIWHJ5dz09Ci0tLS0tRU5EIENFUlRJRklDQVRFLS0tLS0K",
                "password": "",
                "username": ""
              }
            ],
            "master_authorized_networks_config": [],
            "master_version": "1.14.10-gke.36",
            "min_master_version": null,
            "monitoring_service": "monitoring.googleapis.com/kubernetes",
            "name": "kf75-cluster",
            "network": "projects/steam-outlet-271504/global/networks/kf75-network",
            "network_policy": [
              {
                "enabled": false,
                "provider": "PROVIDER_UNSPECIFIED"
              }
            ],
            "node_config": [
              {
                "disk_size_gb": 100,
                "disk_type": "pd-standard",
                "guest_accelerator": [],
                "image_type": "COS",
                "labels": {},
                "local_ssd_count": 0,
                "machine_type": "n1-standard-1",
                "metadata": {
                  "disable-legacy-endpoints": "true"
                },
                "min_cpu_platform": "",
                "oauth_scopes": [
                  "https://www.googleapis.com/auth/cloud-platform",
                  "https://www.googleapis.com/auth/logging.write",
                  "https://www.googleapis.com/auth/monitoring"
                ],
                "preemptible": false,
                "sandbox_config": [],
                "service_account": "kf75-gke-sa@steam-outlet-271504.iam.gserviceaccount.com",
                "shielded_instance_config": [
                  {
                    "enable_integrity_monitoring": true,
                    "enable_secure_boot": false
                  }
                ],
                "tags": [],
                "taint": [],
                "workload_metadata_config": []
              }
            ],
            "node_locations": [],
            "node_pool": [
              {
                "autoscaling": [],
                "initial_node_count": 3,
                "instance_group_urls": [
                  "https://www.googleapis.com/compute/v1/projects/steam-outlet-271504/zones/us-central1-a/instanceGroupManagers/gke-kf75-cluster-default-pool-6d7caab5-grp"
                ],
                "management": [
                  {
                    "auto_repair": true,
                    "auto_upgrade": true
                  }
                ],
                "max_pods_per_node": 110,
                "name": "default-pool",
                "name_prefix": "",
                "node_config": [
                  {
                    "disk_size_gb": 100,
                    "disk_type": "pd-standard",
                    "guest_accelerator": [],
                    "image_type": "COS",
                    "labels": {},
                    "local_ssd_count": 0,
                    "machine_type": "n1-standard-1",
                    "metadata": {
                      "disable-legacy-endpoints": "true"
                    },
                    "min_cpu_platform": "",
                    "oauth_scopes": [
                      "https://www.googleapis.com/auth/cloud-platform",
                      "https://www.googleapis.com/auth/logging.write",
                      "https://www.googleapis.com/auth/monitoring"
                    ],
                    "preemptible": false,
                    "sandbox_config": [],
                    "service_account": "kf75-gke-sa@steam-outlet-271504.iam.gserviceaccount.com",
                    "shielded_instance_config": [
                      {
                        "enable_integrity_monitoring": true,
                        "enable_secure_boot": false
                      }
                    ],
                    "tags": [],
                    "taint": [],
                    "workload_metadata_config": []
                  }
                ],
                "node_count": 3,
                "version": "1.14.10-gke.36"
              }
            ],
            "node_version": "1.14.10-gke.36",
            "pod_security_policy_config": [],
            "private_cluster_config": [],
            "project": "steam-outlet-271504",
            "region": null,
            "remove_default_node_pool": null,
            "resource_labels": {},
            "services_ipv4_cidr": "10.230.0.0/16",
            "subnetwork": "projects/steam-outlet-271504/regions/us-central1/subnetworks/kf75-subnet",
            "timeouts": null,
            "zone": "us-central1-a"
          }
        }
      ]
    },
    {
      "module": "module.gke_service_account",
      "mode": "managed",
      "type": "google_project_iam_member",
      "name": "role_bindings",
      "each": "map",
      "provider": "provider.google",
      "instances": []
    },
    {
      "module": "module.kfp_service_account",
      "mode": "managed",
      "type": "google_project_iam_member",
      "name": "role_bindings",
      "each": "map",
      "provider": "provider.google",
      "instances": []
    },
    {
      "module": "module.gke_service_account",
      "mode": "managed",
      "type": "google_service_account",
      "name": "service_account",
      "provider": "provider.google",
      "instances": [
        {
          "schema_version": 0,
          "attributes": {
            "account_id": "kf75-gke-sa",
            "description": "",
            "display_name": "The GKE service account",
            "email": "kf75-gke-sa@steam-outlet-271504.iam.gserviceaccount.com",
            "id": "projects/steam-outlet-271504/serviceAccounts/kf75-gke-sa@steam-outlet-271504.iam.gserviceaccount.com",
            "name": "projects/steam-outlet-271504/serviceAccounts/kf75-gke-sa@steam-outlet-271504.iam.gserviceaccount.com",
            "policy_data": null,
            "project": "steam-outlet-271504",
            "unique_id": "112999812872970936037"
          },
          "private": "bnVsbA=="
        }
      ]
    },
    {
      "module": "module.ml_metadata_mysql",
      "mode": "managed",
      "type": "google_sql_database_instance",
      "name": "mysql",
      "provider": "provider.google",
      "instances": [
        {
          "schema_version": 0,
          "attributes": {
            "connection_name": "steam-outlet-271504:us-central1:kf75-metadata",
            "database_version": "MYSQL_5_7",
            "first_ip_address": "35.188.122.123",
            "id": "kf75-metadata",
            "ip_address": [
              {
                "ip_address": "35.188.122.123",
                "time_to_retire": "",
                "type": "PRIMARY"
              }
            ],
            "master_instance_name": "",
            "name": "kf75-metadata",
            "private_ip_address": "",
            "project": "steam-outlet-271504",
            "public_ip_address": "35.188.122.123",
            "region": "us-central1",
            "replica_configuration": [],
            "self_link": "https://www.googleapis.com/sql/v1beta4/projects/steam-outlet-271504/instances/kf75-metadata",
            "server_ca_cert": [
              {
                "cert": "-----BEGIN CERTIFICATE-----\nMIIDfzCCAmegAwIBAgIBADANBgkqhkiG9w0BAQsFADB3MS0wKwYDVQQuEyQ3MjNl\nMTY2NS03YjA1LTQzM2ItYjhlOC04NjA2NGU5ZjhjNzYxIzAhBgNVBAMTGkdvb2ds\nZSBDbG91ZCBTUUwgU2VydmVyIENBMRQwEgYDVQQKEwtHb29nbGUsIEluYzELMAkG\nA1UEBhMCVVMwHhcNMjAwNjA3MDQxNTUzWhcNMzAwNjA1MDQxNjUzWjB3MS0wKwYD\nVQQuEyQ3MjNlMTY2NS03YjA1LTQzM2ItYjhlOC04NjA2NGU5ZjhjNzYxIzAhBgNV\nBAMTGkdvb2dsZSBDbG91ZCBTUUwgU2VydmVyIENBMRQwEgYDVQQKEwtHb29nbGUs\nIEluYzELMAkGA1UEBhMCVVMwggEiMA0GCSqGSIb3DQEBAQUAA4IBDwAwggEKAoIB\nAQC9Xk78pTXOpiYByq0IWJ4RBdR28yeyF4Xo6ucd6AMmNAytHYudbJgQDO0L03fB\nTbuHGk6Cv0tI39abFV7NTgDTWjbK5qgINFal/FfGdmQkWBRmMuEBjeehBSIbL22h\nMQMO2CCGWbawwcQNNwidtgvAaJmxgnFi2mHAIvgkv5Mg0mmU5ZKTO7zA51jZ73+Z\nxMvD6fMeRn3GeZ9aaw9yN3xBBTHaIeSNycYLNEDSUjWiVnVgwfO6tD2wN112OkTl\nE8OEyql7y1why0w4Su42LamK8NKUGi4rvn9TztgKxlU4jnMV/PcGSXYpR/KITP1+\nc0RCJtL9sxyEWglbsGKefnKzAgMBAAGjFjAUMBIGA1UdEwEB/wQIMAYBAf8CAQAw\nDQYJKoZIhvcNAQELBQADggEBAIrBHXTGcILlY3/Y/halnIvMg9+JDN0seeNQbD3R\nZjaIphw8OXHmNDAMBwgn9y1cjtID7iRRVKmlf/rXHMHw8eKVxXnPmP7LB5KAIJ8V\nJaIDBuYcFw5WTip1pkbAS7Cw4+fNuxZ71N1FCh/U8pLx9egdGRK2Ag7Evj01LKrH\nhPPgc4Knt2euGpGl5WyRz7fTsC9DvrpxPlJwS50xWMUkQY62Y8xW/2TqJdKc+lGO\nf/5LB3j0w/zUffxJ2xyMJRbSFi+kZXVMfTdyFd/csWMumKFhueju+wuGI8PXMvuW\nADFDZoP7GEgSK4LrQXztJ8jxo1c0ZkVIDbTgy0pp0xxTmjo=\n-----END CERTIFICATE-----",
                "common_name": "C=US,O=Google\\, Inc,CN=Google Cloud SQL Server CA,dnQualifier=723e1665-7b05-433b-b8e8-86064e9f8c76",
                "create_time": "2020-06-07T04:15:53.447Z",
                "expiration_time": "2030-06-05T04:16:53.447Z",
                "sha1_fingerprint": "54d61c6432f49e9921cf36aca881a5531313109a"
              }
            ],
            "service_account_email_address": "p680058895779-yjtu96@gcp-sa-cloud-sql.iam.gserviceaccount.com",
            "settings": [
              {
                "activation_policy": "ALWAYS",
                "authorized_gae_applications": [],
                "availability_type": "",
                "backup_configuration": [
                  {
                    "binary_log_enabled": false,
                    "enabled": false,
                    "location": "",
                    "start_time": "15:00"
                  }
                ],
                "crash_safe_replication": false,
                "database_flags": [],
                "disk_autoresize": true,
                "disk_size": 40,
                "disk_type": "PD_SSD",
                "ip_configuration": [
                  {
                    "authorized_networks": [],
                    "ipv4_enabled": true,
                    "private_network": "",
                    "require_ssl": false
                  }
                ],
                "location_preference": [
                  {
                    "follow_gae_application": "",
                    "zone": "us-central1-a"
                  }
                ],
                "maintenance_window": [],
                "pricing_plan": "PER_USE",
                "replication_type": "SYNCHRONOUS",
                "tier": "db-n1-standard-2",
                "user_labels": {},
                "version": 1
              }
            ],
            "timeouts": null
          }
        }
      ]
    }
  ]
}
